// !$*UTF8*$!
{
	archiveVersion = 1;
	classes = {
	};
	objectVersion = 46;
	objects = {

/* Begin PBXBuildFile section */
		616F0FD41CF8B6B400E6D683 /* ViewController.swift in Sources */ = {isa = PBXBuildFile; fileRef = 616F0FD31CF8B6B400E6D683 /* ViewController.swift */; };
		616F0FE11CF8CFC900E6D683 /* OwlTokenTextView.framework in Frameworks */ = {isa = PBXBuildFile; fileRef = 738790AE1C3F228200DA269D /* OwlTokenTextView.framework */; };
		616F0FE21CF8D06400E6D683 /* OwlTokenTextView.framework in Embed Frameworks */ = {isa = PBXBuildFile; fileRef = 738790AE1C3F228200DA269D /* OwlTokenTextView.framework */; settings = {ATTRIBUTES = (CodeSignOnCopy, RemoveHeadersOnCopy, ); }; };
		7386F5301BEBE430006DB941 /* Assets.xcassets in Resources */ = {isa = PBXBuildFile; fileRef = 7386F5281BEBE430006DB941 /* Assets.xcassets */; };
		7386F5311BEBE430006DB941 /* LaunchScreen.storyboard in Resources */ = {isa = PBXBuildFile; fileRef = 7386F5291BEBE430006DB941 /* LaunchScreen.storyboard */; };
		7386F5321BEBE430006DB941 /* Main.storyboard in Resources */ = {isa = PBXBuildFile; fileRef = 7386F52B1BEBE430006DB941 /* Main.storyboard */; };
		7386F5331BEBE430006DB941 /* AppDelegate.swift in Sources */ = {isa = PBXBuildFile; fileRef = 7386F52E1BEBE430006DB941 /* AppDelegate.swift */; };
		7386F5401BEBE486006DB941 /* TokenTextAppTests.swift in Sources */ = {isa = PBXBuildFile; fileRef = 7386F53F1BEBE442006DB941 /* TokenTextAppTests.swift */; };
		7386F5411BEBE48B006DB941 /* TokenTextAppUITests.swift in Sources */ = {isa = PBXBuildFile; fileRef = 7386F53D1BEBE442006DB941 /* TokenTextAppUITests.swift */; };
/* End PBXBuildFile section */

/* Begin PBXContainerItemProxy section */
		7386F50A1BEBE26C006DB941 /* PBXContainerItemProxy */ = {
			isa = PBXContainerItemProxy;
			containerPortal = 7386F4ED1BEBE26B006DB941 /* Project object */;
			proxyType = 1;
			remoteGlobalIDString = 7386F4F41BEBE26B006DB941;
			remoteInfo = HootsuiteSearchApp;
		};
		7386F5151BEBE26C006DB941 /* PBXContainerItemProxy */ = {
			isa = PBXContainerItemProxy;
			containerPortal = 7386F4ED1BEBE26B006DB941 /* Project object */;
			proxyType = 1;
			remoteGlobalIDString = 7386F4F41BEBE26B006DB941;
			remoteInfo = HootsuiteSearchApp;
		};
		738790AD1C3F228200DA269D /* PBXContainerItemProxy */ = {
			isa = PBXContainerItemProxy;
			containerPortal = 73E81CA51BEC02A000FF2FF9 /* OwlTokenTextView.xcodeproj */;
			proxyType = 2;
			remoteGlobalIDString = 7386F4BA1BEBDA3D006DB941;
			remoteInfo = OwlTokenTextView;
		};
		738790AF1C3F228200DA269D /* PBXContainerItemProxy */ = {
			isa = PBXContainerItemProxy;
			containerPortal = 73E81CA51BEC02A000FF2FF9 /* OwlTokenTextView.xcodeproj */;
			proxyType = 2;
			remoteGlobalIDString = 7386F4C41BEBDA3D006DB941;
			remoteInfo = OwlTokenTextViewTests;
		};
/* End PBXContainerItemProxy section */

/* Begin PBXCopyFilesBuildPhase section */
		7399C3811BEC031800EF1A21 /* Embed Frameworks */ = {
			isa = PBXCopyFilesBuildPhase;
			buildActionMask = 2147483647;
			dstPath = "";
			dstSubfolderSpec = 10;
			files = (
				616F0FE21CF8D06400E6D683 /* OwlTokenTextView.framework in Embed Frameworks */,
			);
			name = "Embed Frameworks";
			runOnlyForDeploymentPostprocessing = 0;
		};
/* End PBXCopyFilesBuildPhase section */

/* Begin PBXFileReference section */
		616F0FD31CF8B6B400E6D683 /* ViewController.swift */ = {isa = PBXFileReference; fileEncoding = 4; lastKnownFileType = sourcecode.swift; path = ViewController.swift; sourceTree = "<group>"; };
		7386F4F51BEBE26B006DB941 /* TokenTextApp.app */ = {isa = PBXFileReference; explicitFileType = wrapper.application; includeInIndex = 0; path = TokenTextApp.app; sourceTree = BUILT_PRODUCTS_DIR; };
		7386F5091BEBE26C006DB941 /* TokenTextAppTests.xctest */ = {isa = PBXFileReference; explicitFileType = wrapper.cfbundle; includeInIndex = 0; path = TokenTextAppTests.xctest; sourceTree = BUILT_PRODUCTS_DIR; };
		7386F5141BEBE26C006DB941 /* TokenTextApp.xctest */ = {isa = PBXFileReference; explicitFileType = wrapper.cfbundle; includeInIndex = 0; path = TokenTextApp.xctest; sourceTree = BUILT_PRODUCTS_DIR; };
		7386F5281BEBE430006DB941 /* Assets.xcassets */ = {isa = PBXFileReference; lastKnownFileType = folder.assetcatalog; path = Assets.xcassets; sourceTree = "<group>"; };
		7386F52A1BEBE430006DB941 /* Base */ = {isa = PBXFileReference; lastKnownFileType = file.storyboard; name = Base; path = Base.lproj/LaunchScreen.storyboard; sourceTree = "<group>"; };
		7386F52C1BEBE430006DB941 /* Base */ = {isa = PBXFileReference; lastKnownFileType = file.storyboard; name = Base; path = Base.lproj/Main.storyboard; sourceTree = "<group>"; };
		7386F52E1BEBE430006DB941 /* AppDelegate.swift */ = {isa = PBXFileReference; fileEncoding = 4; lastKnownFileType = sourcecode.swift; path = AppDelegate.swift; sourceTree = "<group>"; };
		7386F5381BEBE43C006DB941 /* App_Info.plist */ = {isa = PBXFileReference; lastKnownFileType = text.plist.xml; path = App_Info.plist; sourceTree = "<group>"; };
		7386F5391BEBE43C006DB941 /* UITests_Info.plist */ = {isa = PBXFileReference; lastKnownFileType = text.plist.xml; path = UITests_Info.plist; sourceTree = "<group>"; };
		7386F53D1BEBE442006DB941 /* TokenTextAppUITests.swift */ = {isa = PBXFileReference; lastKnownFileType = sourcecode.swift; path = TokenTextAppUITests.swift; sourceTree = "<group>"; };
		7386F53F1BEBE442006DB941 /* TokenTextAppTests.swift */ = {isa = PBXFileReference; lastKnownFileType = sourcecode.swift; path = TokenTextAppTests.swift; sourceTree = "<group>"; };
		738790891C3F151600DA269D /* App_Debug.xcconfig */ = {isa = PBXFileReference; lastKnownFileType = text.xcconfig; path = App_Debug.xcconfig; sourceTree = "<group>"; };
		7387908A1C3F151600DA269D /* App_Release.xcconfig */ = {isa = PBXFileReference; lastKnownFileType = text.xcconfig; path = App_Release.xcconfig; sourceTree = "<group>"; };
		7387908B1C3F151600DA269D /* App_Base.xcconfig */ = {isa = PBXFileReference; lastKnownFileType = text.xcconfig; path = App_Base.xcconfig; sourceTree = "<group>"; };
		7387908C1C3F151600DA269D /* Project_Base.xcconfig */ = {isa = PBXFileReference; lastKnownFileType = text.xcconfig; path = Project_Base.xcconfig; sourceTree = "<group>"; };
		7387908D1C3F151600DA269D /* Project_Debug.xcconfig */ = {isa = PBXFileReference; lastKnownFileType = text.xcconfig; path = Project_Debug.xcconfig; sourceTree = "<group>"; };
		7387908E1C3F151600DA269D /* Project_Release.xcconfig */ = {isa = PBXFileReference; lastKnownFileType = text.xcconfig; path = Project_Release.xcconfig; sourceTree = "<group>"; };
		7387908F1C3F151600DA269D /* UITests_Debug.xcconfig */ = {isa = PBXFileReference; lastKnownFileType = text.xcconfig; path = UITests_Debug.xcconfig; sourceTree = "<group>"; };
		738790901C3F151600DA269D /* UITests_Release.xcconfig */ = {isa = PBXFileReference; lastKnownFileType = text.xcconfig; path = UITests_Release.xcconfig; sourceTree = "<group>"; };
		738790911C3F151600DA269D /* UITests_Base.xcconfig */ = {isa = PBXFileReference; lastKnownFileType = text.xcconfig; path = UITests_Base.xcconfig; sourceTree = "<group>"; };
		738790921C3F151600DA269D /* UnitTests_Debug.xcconfig */ = {isa = PBXFileReference; lastKnownFileType = text.xcconfig; path = UnitTests_Debug.xcconfig; sourceTree = "<group>"; };
		738790931C3F151600DA269D /* UnitTests_Release.xcconfig */ = {isa = PBXFileReference; lastKnownFileType = text.xcconfig; path = UnitTests_Release.xcconfig; sourceTree = "<group>"; };
		738790941C3F151600DA269D /* UnitTests_Base.xcconfig */ = {isa = PBXFileReference; lastKnownFileType = text.xcconfig; path = UnitTests_Base.xcconfig; sourceTree = "<group>"; };
		7399C3871BEC066D00EF1A21 /* UnitTests_Info.plist */ = {isa = PBXFileReference; lastKnownFileType = text.plist.xml; path = UnitTests_Info.plist; sourceTree = "<group>"; };
		73E81CA51BEC02A000FF2FF9 /* OwlTokenTextView.xcodeproj */ = {isa = PBXFileReference; lastKnownFileType = "wrapper.pb-project"; name = OwlTokenTextView.xcodeproj; path = ../Framework/OwlTokenTextView.xcodeproj; sourceTree = "<group>"; };
/* End PBXFileReference section */

/* Begin PBXFrameworksBuildPhase section */
		7386F4F21BEBE26B006DB941 /* Frameworks */ = {
			isa = PBXFrameworksBuildPhase;
			buildActionMask = 2147483647;
			files = (
				616F0FE11CF8CFC900E6D683 /* OwlTokenTextView.framework in Frameworks */,
			);
			runOnlyForDeploymentPostprocessing = 0;
		};
		7386F5061BEBE26C006DB941 /* Frameworks */ = {
			isa = PBXFrameworksBuildPhase;
			buildActionMask = 2147483647;
			files = (
			);
			runOnlyForDeploymentPostprocessing = 0;
		};
		7386F5111BEBE26C006DB941 /* Frameworks */ = {
			isa = PBXFrameworksBuildPhase;
			buildActionMask = 2147483647;
			files = (
			);
			runOnlyForDeploymentPostprocessing = 0;
		};
/* End PBXFrameworksBuildPhase section */

/* Begin PBXGroup section */
		7386F4EC1BEBE26B006DB941 = {
			isa = PBXGroup;
			children = (
				73E81CA51BEC02A000FF2FF9 /* OwlTokenTextView.xcodeproj */,
				7386F5261BEBE430006DB941 /* Application */,
				7386F53B1BEBE442006DB941 /* Tests */,
				7386F5351BEBE43C006DB941 /* SupportingFiles */,
				7386F4F61BEBE26B006DB941 /* Products */,
			);
			sourceTree = "<group>";
		};
		7386F4F61BEBE26B006DB941 /* Products */ = {
			isa = PBXGroup;
			children = (
				7386F4F51BEBE26B006DB941 /* TokenTextApp.app */,
				7386F5091BEBE26C006DB941 /* TokenTextAppTests.xctest */,
				7386F5141BEBE26C006DB941 /* TokenTextApp.xctest */,
			);
			name = Products;
			sourceTree = "<group>";
		};
		7386F5261BEBE430006DB941 /* Application */ = {
			isa = PBXGroup;
			children = (
				7386F52D1BEBE430006DB941 /* Source */,
				7386F5271BEBE430006DB941 /* Resources */,
			);
			path = Application;
			sourceTree = "<group>";
		};
		7386F5271BEBE430006DB941 /* Resources */ = {
			isa = PBXGroup;
			children = (
				7386F5281BEBE430006DB941 /* Assets.xcassets */,
				7386F5291BEBE430006DB941 /* LaunchScreen.storyboard */,
				7386F52B1BEBE430006DB941 /* Main.storyboard */,
			);
			path = Resources;
			sourceTree = "<group>";
		};
		7386F52D1BEBE430006DB941 /* Source */ = {
			isa = PBXGroup;
			children = (
				7386F52E1BEBE430006DB941 /* AppDelegate.swift */,
				616F0FD31CF8B6B400E6D683 /* ViewController.swift */,
			);
			path = Source;
			sourceTree = "<group>";
		};
		7386F5351BEBE43C006DB941 /* SupportingFiles */ = {
			isa = PBXGroup;
			children = (
				738790881C3F151600DA269D /* XCConfigs */,
				7386F5371BEBE43C006DB941 /* PropertyLists */,
			);
			path = SupportingFiles;
			sourceTree = "<group>";
		};
		7386F5371BEBE43C006DB941 /* PropertyLists */ = {
			isa = PBXGroup;
			children = (
				7386F5381BEBE43C006DB941 /* App_Info.plist */,
				7386F5391BEBE43C006DB941 /* UITests_Info.plist */,
				7399C3871BEC066D00EF1A21 /* UnitTests_Info.plist */,
			);
			path = PropertyLists;
			sourceTree = "<group>";
		};
		7386F53B1BEBE442006DB941 /* Tests */ = {
			isa = PBXGroup;
			children = (
				7386F53C1BEBE442006DB941 /* UITests */,
				7386F53E1BEBE442006DB941 /* UnitTests */,
			);
			path = Tests;
			sourceTree = "<group>";
		};
		7386F53C1BEBE442006DB941 /* UITests */ = {
			isa = PBXGroup;
			children = (
				7386F53D1BEBE442006DB941 /* TokenTextAppUITests.swift */,
			);
			path = UITests;
			sourceTree = "<group>";
		};
		7386F53E1BEBE442006DB941 /* UnitTests */ = {
			isa = PBXGroup;
			children = (
				7386F53F1BEBE442006DB941 /* TokenTextAppTests.swift */,
			);
			path = UnitTests;
			sourceTree = "<group>";
		};
		738790881C3F151600DA269D /* XCConfigs */ = {
			isa = PBXGroup;
			children = (
				738790971C3F157700DA269D /* Project */,
				738790981C3F157D00DA269D /* App */,
				738790991C3F158500DA269D /* UnitTests */,
				73E268EE1C3F273B00EE6A81 /* UITests */,
			);
			path = XCConfigs;
			sourceTree = "<group>";
		};
		738790971C3F157700DA269D /* Project */ = {
			isa = PBXGroup;
			children = (
				7387908C1C3F151600DA269D /* Project_Base.xcconfig */,
				7387908D1C3F151600DA269D /* Project_Debug.xcconfig */,
				7387908E1C3F151600DA269D /* Project_Release.xcconfig */,
			);
			name = Project;
			sourceTree = "<group>";
		};
		738790981C3F157D00DA269D /* App */ = {
			isa = PBXGroup;
			children = (
				7387908B1C3F151600DA269D /* App_Base.xcconfig */,
				738790891C3F151600DA269D /* App_Debug.xcconfig */,
				7387908A1C3F151600DA269D /* App_Release.xcconfig */,
			);
			name = App;
			sourceTree = "<group>";
		};
		738790991C3F158500DA269D /* UnitTests */ = {
			isa = PBXGroup;
			children = (
				738790941C3F151600DA269D /* UnitTests_Base.xcconfig */,
				738790931C3F151600DA269D /* UnitTests_Release.xcconfig */,
				738790921C3F151600DA269D /* UnitTests_Debug.xcconfig */,
			);
			name = UnitTests;
			sourceTree = "<group>";
		};
		738790A91C3F228200DA269D /* Products */ = {
			isa = PBXGroup;
			children = (
				738790AE1C3F228200DA269D /* OwlTokenTextView.framework */,
				738790B01C3F228200DA269D /* OwlTokenTextViewTests.xctest */,
			);
			name = Products;
			sourceTree = "<group>";
		};
		73E268EE1C3F273B00EE6A81 /* UITests */ = {
			isa = PBXGroup;
			children = (
				738790911C3F151600DA269D /* UITests_Base.xcconfig */,
				7387908F1C3F151600DA269D /* UITests_Debug.xcconfig */,
				738790901C3F151600DA269D /* UITests_Release.xcconfig */,
			);
			name = UITests;
			sourceTree = "<group>";
		};
/* End PBXGroup section */

/* Begin PBXNativeTarget section */
		7386F4F41BEBE26B006DB941 /* TokenTextApp */ = {
			isa = PBXNativeTarget;
			buildConfigurationList = 7386F51D1BEBE26C006DB941 /* Build configuration list for PBXNativeTarget "TokenTextApp" */;
			buildPhases = (
				7386F4F11BEBE26B006DB941 /* Sources */,
				7386F4F21BEBE26B006DB941 /* Frameworks */,
				7386F4F31BEBE26B006DB941 /* Resources */,
				7399C3811BEC031800EF1A21 /* Embed Frameworks */,
				CA887F371CC9AE810003DC54 /* SwiftLint Run Script */,
				CA7912E71CD15E86000505DF /* Carthage Copy Frameworks */,
			);
			buildRules = (
			);
			dependencies = (
			);
			name = TokenTextApp;
			productName = HootsuiteSearchApp;
			productReference = 7386F4F51BEBE26B006DB941 /* TokenTextApp.app */;
			productType = "com.apple.product-type.application";
		};
		7386F5081BEBE26C006DB941 /* TokenTextAppTests */ = {
			isa = PBXNativeTarget;
			buildConfigurationList = 7386F5201BEBE26C006DB941 /* Build configuration list for PBXNativeTarget "TokenTextAppTests" */;
			buildPhases = (
				7386F5051BEBE26C006DB941 /* Sources */,
				7386F5061BEBE26C006DB941 /* Frameworks */,
				7386F5071BEBE26C006DB941 /* Resources */,
			);
			buildRules = (
			);
			dependencies = (
				7386F50B1BEBE26C006DB941 /* PBXTargetDependency */,
			);
			name = TokenTextAppTests;
			productName = HootsuiteSearchAppTests;
			productReference = 7386F5091BEBE26C006DB941 /* TokenTextAppTests.xctest */;
			productType = "com.apple.product-type.bundle.unit-test";
		};
		7386F5131BEBE26C006DB941 /* TokenTextAppUITests */ = {
			isa = PBXNativeTarget;
			buildConfigurationList = 7386F5231BEBE26C006DB941 /* Build configuration list for PBXNativeTarget "TokenTextAppUITests" */;
			buildPhases = (
				7386F5101BEBE26C006DB941 /* Sources */,
				7386F5111BEBE26C006DB941 /* Frameworks */,
				7386F5121BEBE26C006DB941 /* Resources */,
			);
			buildRules = (
			);
			dependencies = (
				7386F5161BEBE26C006DB941 /* PBXTargetDependency */,
			);
			name = TokenTextAppUITests;
			productName = HootsuiteSearchAppUITests;
			productReference = 7386F5141BEBE26C006DB941 /* TokenTextApp.xctest */;
			productType = "com.apple.product-type.bundle.ui-testing";
		};
/* End PBXNativeTarget section */

/* Begin PBXProject section */
		7386F4ED1BEBE26B006DB941 /* Project object */ = {
			isa = PBXProject;
			attributes = {
				LastSwiftUpdateCheck = 0710;
				LastUpgradeCheck = 0730;
				ORGANIZATIONNAME = Hootsuite;
				TargetAttributes = {
					7386F4F41BEBE26B006DB941 = {
						CreatedOnToolsVersion = 7.1;
					};
					7386F5081BEBE26C006DB941 = {
						CreatedOnToolsVersion = 7.1;
						TestTargetID = 7386F4F41BEBE26B006DB941;
					};
					7386F5131BEBE26C006DB941 = {
						CreatedOnToolsVersion = 7.1;
						TestTargetID = 7386F4F41BEBE26B006DB941;
					};
				};
			};
			buildConfigurationList = 7386F4F01BEBE26B006DB941 /* Build configuration list for PBXProject "TokenTextApp" */;
			compatibilityVersion = "Xcode 3.2";
			developmentRegion = English;
			hasScannedForEncodings = 0;
			knownRegions = (
				en,
				Base,
			);
			mainGroup = 7386F4EC1BEBE26B006DB941;
			productRefGroup = 7386F4F61BEBE26B006DB941 /* Products */;
			projectDirPath = "";
			projectReferences = (
				{
					ProductGroup = 738790A91C3F228200DA269D /* Products */;
					ProjectRef = 73E81CA51BEC02A000FF2FF9 /* OwlTokenTextView.xcodeproj */;
				},
			);
			projectRoot = "";
			targets = (
				7386F4F41BEBE26B006DB941 /* TokenTextApp */,
				7386F5081BEBE26C006DB941 /* TokenTextAppTests */,
				7386F5131BEBE26C006DB941 /* TokenTextAppUITests */,
			);
		};
/* End PBXProject section */

/* Begin PBXReferenceProxy section */
		738790AE1C3F228200DA269D /* OwlTokenTextView.framework */ = {
			isa = PBXReferenceProxy;
			fileType = wrapper.framework;
			path = OwlTokenTextView.framework;
			remoteRef = 738790AD1C3F228200DA269D /* PBXContainerItemProxy */;
			sourceTree = BUILT_PRODUCTS_DIR;
		};
		738790B01C3F228200DA269D /* OwlTokenTextViewTests.xctest */ = {
			isa = PBXReferenceProxy;
			fileType = wrapper.cfbundle;
			path = OwlTokenTextViewTests.xctest;
			remoteRef = 738790AF1C3F228200DA269D /* PBXContainerItemProxy */;
			sourceTree = BUILT_PRODUCTS_DIR;
		};
/* End PBXReferenceProxy section */

/* Begin PBXResourcesBuildPhase section */
		7386F4F31BEBE26B006DB941 /* Resources */ = {
			isa = PBXResourcesBuildPhase;
			buildActionMask = 2147483647;
			files = (
				7386F5321BEBE430006DB941 /* Main.storyboard in Resources */,
				7386F5301BEBE430006DB941 /* Assets.xcassets in Resources */,
				7386F5311BEBE430006DB941 /* LaunchScreen.storyboard in Resources */,
			);
			runOnlyForDeploymentPostprocessing = 0;
		};
		7386F5071BEBE26C006DB941 /* Resources */ = {
			isa = PBXResourcesBuildPhase;
			buildActionMask = 2147483647;
			files = (
			);
			runOnlyForDeploymentPostprocessing = 0;
		};
		7386F5121BEBE26C006DB941 /* Resources */ = {
			isa = PBXResourcesBuildPhase;
			buildActionMask = 2147483647;
			files = (
			);
			runOnlyForDeploymentPostprocessing = 0;
		};
/* End PBXResourcesBuildPhase section */

/* Begin PBXShellScriptBuildPhase section */
		CA7912E71CD15E86000505DF /* Carthage Copy Frameworks */ = {
			isa = PBXShellScriptBuildPhase;
			buildActionMask = 2147483647;
			files = (
			);
			inputPaths = (
				"$(PROJECT_DIR)/../Carthage/Build/iOS/HootUIKit.framework",
			);
			name = "Carthage Copy Frameworks";
			outputPaths = (
			);
			runOnlyForDeploymentPostprocessing = 0;
			shellPath = /bin/sh;
			shellScript = "# Add all of your frameworks to the Input Files section with the following format:\n# $(PROJECT_DIR)/../Carthage/Build/iOS/YOUR_FRAMEWORK_HERE.framework\n/usr/local/bin/carthage copy-frameworks";
		};
		CA887F371CC9AE810003DC54 /* SwiftLint Run Script */ = {
			isa = PBXShellScriptBuildPhase;
			buildActionMask = 2147483647;
			files = (
			);
			inputPaths = (
			);
			name = "SwiftLint Run Script";
			outputPaths = (
			);
			runOnlyForDeploymentPostprocessing = 0;
			shellPath = /bin/sh;
			shellScript = "if which swiftlint >/dev/null; then\n    swiftlint\nelse\n    echo \"warning: SwiftLint not installed, download from https://github.com/realm/SwiftLint\"\nfi";
		};
/* End PBXShellScriptBuildPhase section */

/* Begin PBXSourcesBuildPhase section */
		7386F4F11BEBE26B006DB941 /* Sources */ = {
			isa = PBXSourcesBuildPhase;
			buildActionMask = 2147483647;
			files = (
				616F0FD41CF8B6B400E6D683 /* ViewController.swift in Sources */,
				7386F5331BEBE430006DB941 /* AppDelegate.swift in Sources */,
			);
			runOnlyForDeploymentPostprocessing = 0;
		};
		7386F5051BEBE26C006DB941 /* Sources */ = {
			isa = PBXSourcesBuildPhase;
			buildActionMask = 2147483647;
			files = (
				7386F5401BEBE486006DB941 /* TokenTextAppTests.swift in Sources */,
			);
			runOnlyForDeploymentPostprocessing = 0;
		};
		7386F5101BEBE26C006DB941 /* Sources */ = {
			isa = PBXSourcesBuildPhase;
			buildActionMask = 2147483647;
			files = (
				7386F5411BEBE48B006DB941 /* TokenTextAppUITests.swift in Sources */,
			);
			runOnlyForDeploymentPostprocessing = 0;
		};
/* End PBXSourcesBuildPhase section */

/* Begin PBXTargetDependency section */
		7386F50B1BEBE26C006DB941 /* PBXTargetDependency */ = {
			isa = PBXTargetDependency;
			target = 7386F4F41BEBE26B006DB941 /* TokenTextApp */;
			targetProxy = 7386F50A1BEBE26C006DB941 /* PBXContainerItemProxy */;
		};
		7386F5161BEBE26C006DB941 /* PBXTargetDependency */ = {
			isa = PBXTargetDependency;
			target = 7386F4F41BEBE26B006DB941 /* TokenTextApp */;
			targetProxy = 7386F5151BEBE26C006DB941 /* PBXContainerItemProxy */;
		};
/* End PBXTargetDependency section */

/* Begin PBXVariantGroup section */
		7386F5291BEBE430006DB941 /* LaunchScreen.storyboard */ = {
			isa = PBXVariantGroup;
			children = (
				7386F52A1BEBE430006DB941 /* Base */,
			);
			name = LaunchScreen.storyboard;
			sourceTree = "<group>";
		};
		7386F52B1BEBE430006DB941 /* Main.storyboard */ = {
			isa = PBXVariantGroup;
			children = (
				7386F52C1BEBE430006DB941 /* Base */,
			);
			name = Main.storyboard;
			sourceTree = "<group>";
		};
/* End PBXVariantGroup section */

/* Begin XCBuildConfiguration section */
		7386F51B1BEBE26C006DB941 /* Debug */ = {
			isa = XCBuildConfiguration;
			baseConfigurationReference = 7387908D1C3F151600DA269D /* Project_Debug.xcconfig */;
			buildSettings = {
				ENABLE_TESTABILITY = YES;
				ONLY_ACTIVE_ARCH = YES;
			};
			name = Debug;
		};
		7386F51C1BEBE26C006DB941 /* Release */ = {
			isa = XCBuildConfiguration;
			baseConfigurationReference = 7387908E1C3F151600DA269D /* Project_Release.xcconfig */;
			buildSettings = {
			};
			name = Release;
		};
		7386F51E1BEBE26C006DB941 /* Debug */ = {
			isa = XCBuildConfiguration;
			baseConfigurationReference = 738790891C3F151600DA269D /* App_Debug.xcconfig */;
			buildSettings = {
			};
			name = Debug;
		};
		7386F51F1BEBE26C006DB941 /* Release */ = {
			isa = XCBuildConfiguration;
			baseConfigurationReference = 7387908A1C3F151600DA269D /* App_Release.xcconfig */;
			buildSettings = {
			};
			name = Release;
		};
		7386F5211BEBE26C006DB941 /* Debug */ = {
			isa = XCBuildConfiguration;
			baseConfigurationReference = 738790921C3F151600DA269D /* UnitTests_Debug.xcconfig */;
			buildSettings = {
			};
			name = Debug;
		};
		7386F5221BEBE26C006DB941 /* Release */ = {
			isa = XCBuildConfiguration;
			baseConfigurationReference = 738790931C3F151600DA269D /* UnitTests_Release.xcconfig */;
			buildSettings = {
			};
			name = Release;
		};
		7386F5241BEBE26C006DB941 /* Debug */ = {
			isa = XCBuildConfiguration;
			baseConfigurationReference = 7387908F1C3F151600DA269D /* UITests_Debug.xcconfig */;
			buildSettings = {
			};
			name = Debug;
		};
		7386F5251BEBE26C006DB941 /* Release */ = {
			isa = XCBuildConfiguration;
			baseConfigurationReference = 738790901C3F151600DA269D /* UITests_Release.xcconfig */;
			buildSettings = {
			};
			name = Release;
		};
/* End XCBuildConfiguration section */

/* Begin XCConfigurationList section */
		7386F4F01BEBE26B006DB941 /* Build configuration list for PBXProject "TokenTextApp" */ = {
			isa = XCConfigurationList;
			buildConfigurations = (
				7386F51B1BEBE26C006DB941 /* Debug */,
				7386F51C1BEBE26C006DB941 /* Release */,
			);
			defaultConfigurationIsVisible = 0;
			defaultConfigurationName = Release;
		};
		7386F51D1BEBE26C006DB941 /* Build configuration list for PBXNativeTarget "TokenTextApp" */ = {
			isa = XCConfigurationList;
			buildConfigurations = (
				7386F51E1BEBE26C006DB941 /* Debug */,
				7386F51F1BEBE26C006DB941 /* Release */,
			);
			defaultConfigurationIsVisible = 0;
			defaultConfigurationName = Release;
		};
		7386F5201BEBE26C006DB941 /* Build configuration list for PBXNativeTarget "TokenTextAppTests" */ = {
			isa = XCConfigurationList;
			buildConfigurations = (
				7386F5211BEBE26C006DB941 /* Debug */,
				7386F5221BEBE26C006DB941 /* Release */,
			);
			defaultConfigurationIsVisible = 0;
			defaultConfigurationName = Release;
		};
		7386F5231BEBE26C006DB941 /* Build configuration list for PBXNativeTarget "TokenTextAppUITests" */ = {
			isa = XCConfigurationList;
			buildConfigurations = (
				7386F5241BEBE26C006DB941 /* Debug */,
				7386F5251BEBE26C006DB941 /* Release */,
			);
			defaultConfigurationIsVisible = 0;
			defaultConfigurationName = Release;
		};
/* End XCConfigurationList section */
	};
	rootObject = 7386F4ED1BEBE26B006DB941 /* Project object */;
}
